// !$*UTF8*$!
{
	archiveVersion = 1;
	classes = {
	};
	objectVersion = 56;
	objects = {

/* Begin PBXBuildFile section */
		7BE790802A6828E200410415 /* AppDelegate.swift in Sources */ = {isa = PBXBuildFile; fileRef = 7BE7907F2A6828E200410415 /* AppDelegate.swift */; };
		7BE790822A6828E200410415 /* SceneDelegate.swift in Sources */ = {isa = PBXBuildFile; fileRef = 7BE790812A6828E200410415 /* SceneDelegate.swift */; };
		7BE790842A6828E200410415 /* ViewController.swift in Sources */ = {isa = PBXBuildFile; fileRef = 7BE790832A6828E200410415 /* ViewController.swift */; };
		7BE790872A6828E200410415 /* Main.storyboard in Resources */ = {isa = PBXBuildFile; fileRef = 7BE790852A6828E200410415 /* Main.storyboard */; };
		7BE790892A6828E300410415 /* Assets.xcassets in Resources */ = {isa = PBXBuildFile; fileRef = 7BE790882A6828E300410415 /* Assets.xcassets */; };
		7BE7908C2A6828E300410415 /* LaunchScreen.storyboard in Resources */ = {isa = PBXBuildFile; fileRef = 7BE7908A2A6828E300410415 /* LaunchScreen.storyboard */; };
		7BE790952A68290300410415 /* NetworkManager.swift in Sources */ = {isa = PBXBuildFile; fileRef = 7BE790942A68290300410415 /* NetworkManager.swift */; };
		7BE790972A68291900410415 /* Endpoint.swift in Sources */ = {isa = PBXBuildFile; fileRef = 7BE790962A68291900410415 /* Endpoint.swift */; };
		7BE7909A2A682A0300410415 /* Constants.swift in Sources */ = {isa = PBXBuildFile; fileRef = 7BE790992A682A0300410415 /* Constants.swift */; };
/* End PBXBuildFile section */

/* Begin PBXFileReference section */
		7BE7907C2A6828E200410415 /* WorkingWithEndpoints.app */ = {isa = PBXFileReference; explicitFileType = wrapper.application; includeInIndex = 0; path = WorkingWithEndpoints.app; sourceTree = BUILT_PRODUCTS_DIR; };
		7BE7907F2A6828E200410415 /* AppDelegate.swift */ = {isa = PBXFileReference; lastKnownFileType = sourcecode.swift; path = AppDelegate.swift; sourceTree = "<group>"; };
		7BE790812A6828E200410415 /* SceneDelegate.swift */ = {isa = PBXFileReference; lastKnownFileType = sourcecode.swift; path = SceneDelegate.swift; sourceTree = "<group>"; };
		7BE790832A6828E200410415 /* ViewController.swift */ = {isa = PBXFileReference; lastKnownFileType = sourcecode.swift; path = ViewController.swift; sourceTree = "<group>"; };
		7BE790862A6828E200410415 /* Base */ = {isa = PBXFileReference; lastKnownFileType = file.storyboard; name = Base; path = Base.lproj/Main.storyboard; sourceTree = "<group>"; };
		7BE790882A6828E300410415 /* Assets.xcassets */ = {isa = PBXFileReference; lastKnownFileType = folder.assetcatalog; path = Assets.xcassets; sourceTree = "<group>"; };
		7BE7908B2A6828E300410415 /* Base */ = {isa = PBXFileReference; lastKnownFileType = file.storyboard; name = Base; path = Base.lproj/LaunchScreen.storyboard; sourceTree = "<group>"; };
		7BE7908D2A6828E300410415 /* Info.plist */ = {isa = PBXFileReference; lastKnownFileType = text.plist.xml; path = Info.plist; sourceTree = "<group>"; };
		7BE790942A68290300410415 /* NetworkManager.swift */ = {isa = PBXFileReference; lastKnownFileType = sourcecode.swift; path = NetworkManager.swift; sourceTree = "<group>"; };
		7BE790962A68291900410415 /* Endpoint.swift */ = {isa = PBXFileReference; lastKnownFileType = sourcecode.swift; path = Endpoint.swift; sourceTree = "<group>"; };
		7BE790992A682A0300410415 /* Constants.swift */ = {isa = PBXFileReference; lastKnownFileType = sourcecode.swift; path = Constants.swift; sourceTree = "<group>"; };
/* End PBXFileReference section */

/* Begin PBXFrameworksBuildPhase section */
		7BE790792A6828E200410415 /* Frameworks */ = {
			isa = PBXFrameworksBuildPhase;
			buildActionMask = 2147483647;
			files = (
			);
			runOnlyForDeploymentPostprocessing = 0;
		};
/* End PBXFrameworksBuildPhase section */

/* Begin PBXGroup section */
		7BE790732A6828E200410415 = {
			isa = PBXGroup;
			children = (
				7BE7907E2A6828E200410415 /* WorkingWithEndpoints */,
				7BE7907D2A6828E200410415 /* Products */,
			);
			sourceTree = "<group>";
		};
		7BE7907D2A6828E200410415 /* Products */ = {
			isa = PBXGroup;
			children = (
				7BE7907C2A6828E200410415 /* WorkingWithEndpoints.app */,
			);
			name = Products;
			sourceTree = "<group>";
		};
		7BE7907E2A6828E200410415 /* WorkingWithEndpoints */ = {
			isa = PBXGroup;
			children = (
				7BE790982A6829F900410415 /* Helpers */,
				7BE790932A6828E900410415 /* Networking */,
				7BE7907F2A6828E200410415 /* AppDelegate.swift */,
				7BE790812A6828E200410415 /* SceneDelegate.swift */,
				7BE790832A6828E200410415 /* ViewController.swift */,
				7BE790852A6828E200410415 /* Main.storyboard */,
				7BE790882A6828E300410415 /* Assets.xcassets */,
				7BE7908A2A6828E300410415 /* LaunchScreen.storyboard */,
				7BE7908D2A6828E300410415 /* Info.plist */,
			);
			path = WorkingWithEndpoints;
			sourceTree = "<group>";
		};
		7BE790932A6828E900410415 /* Networking */ = {
			isa = PBXGroup;
			children = (
				7BE790942A68290300410415 /* NetworkManager.swift */,
				7BE790962A68291900410415 /* Endpoint.swift */,
			);
			path = Networking;
			sourceTree = "<group>";
		};
		7BE790982A6829F900410415 /* Helpers */ = {
			isa = PBXGroup;
			children = (
				7BE790992A682A0300410415 /* Constants.swift */,
			);
			path = Helpers;
			sourceTree = "<group>";
		};
/* End PBXGroup section */

/* Begin PBXNativeTarget section */
		7BE7907B2A6828E200410415 /* WorkingWithEndpoints */ = {
			isa = PBXNativeTarget;
			buildConfigurationList = 7BE790902A6828E300410415 /* Build configuration list for PBXNativeTarget "WorkingWithEndpoints" */;
			buildPhases = (
				7BE790782A6828E200410415 /* Sources */,
				7BE790792A6828E200410415 /* Frameworks */,
				7BE7907A2A6828E200410415 /* Resources */,
			);
			buildRules = (
			);
			dependencies = (
			);
			name = WorkingWithEndpoints;
			productName = WorkingWithEndpoints;
			productReference = 7BE7907C2A6828E200410415 /* WorkingWithEndpoints.app */;
			productType = "com.apple.product-type.application";
		};
/* End PBXNativeTarget section */

/* Begin PBXProject section */
		7BE790742A6828E200410415 /* Project object */ = {
			isa = PBXProject;
			attributes = {
				BuildIndependentTargetsInParallel = 1;
				LastSwiftUpdateCheck = 1400;
				LastUpgradeCheck = 1400;
				TargetAttributes = {
					7BE7907B2A6828E200410415 = {
						CreatedOnToolsVersion = 14.0;
					};
				};
			};
			buildConfigurationList = 7BE790772A6828E200410415 /* Build configuration list for PBXProject "WorkingWithEndpoints" */;
			compatibilityVersion = "Xcode 14.0";
			developmentRegion = en;
			hasScannedForEncodings = 0;
			knownRegions = (
				en,
				Base,
			);
			mainGroup = 7BE790732A6828E200410415;
			productRefGroup = 7BE7907D2A6828E200410415 /* Products */;
			projectDirPath = "";
			projectRoot = "";
			targets = (
				7BE7907B2A6828E200410415 /* WorkingWithEndpoints */,
			);
		};
/* End PBXProject section */

/* Begin PBXResourcesBuildPhase section */
		7BE7907A2A6828E200410415 /* Resources */ = {
			isa = PBXResourcesBuildPhase;
			buildActionMask = 2147483647;
			files = (
				7BE7908C2A6828E300410415 /* LaunchScreen.storyboard in Resources */,
				7BE790892A6828E300410415 /* Assets.xcassets in Resources */,
				7BE790872A6828E200410415 /* Main.storyboard in Resources */,
			);
			runOnlyForDeploymentPostprocessing = 0;
		};
/* End PBXResourcesBuildPhase section */

/* Begin PBXSourcesBuildPhase section */
		7BE790782A6828E200410415 /* Sources */ = {
			isa = PBXSourcesBuildPhase;
			buildActionMask = 2147483647;
			files = (
				7BE790952A68290300410415 /* NetworkManager.swift in Sources */,
				7BE790842A6828E200410415 /* ViewController.swift in Sources */,
				7BE790802A6828E200410415 /* AppDelegate.swift in Sources */,
				7BE790822A6828E200410415 /* SceneDelegate.swift in Sources */,
				7BE790972A68291900410415 /* Endpoint.swift in Sources */,
				7BE7909A2A682A0300410415 /* Constants.swift in Sources */,
			);
			runOnlyForDeploymentPostprocessing = 0;
		};
/* End PBXSourcesBuildPhase section */

/* Begin PBXVariantGroup section */
		7BE790852A6828E200410415 /* Main.storyboard */ = {
			isa = PBXVariantGroup;
			children = (
				7BE790862A6828E200410415 /* Base */,
			);
			name = Main.storyboard;
			sourceTree = "<group>";
		};
		7BE7908A2A6828E300410415 /* LaunchScreen.storyboard */ = {
			isa = PBXVariantGroup;
			children = (
				7BE7908B2A6828E300410415 /* Base */,
			);
			name = LaunchScreen.storyboard;
			sourceTree = "<group>";
		};
/* End PBXVariantGroup section */

/* Begin XCBuildConfiguration section */
		7BE7908E2A6828E300410415 /* Debug */ = {
			isa = XCBuildConfiguration;
			buildSettings = {
				ALWAYS_SEARCH_USER_PATHS = NO;
				CLANG_ANALYZER_NONNULL = YES;
				CLANG_ANALYZER_NUMBER_OBJECT_CONVERSION = YES_AGGRESSIVE;
				CLANG_CXX_LANGUAGE_STANDARD = "gnu++20";
				CLANG_ENABLE_MODULES = YES;
				CLANG_ENABLE_OBJC_ARC = YES;
				CLANG_ENABLE_OBJC_WEAK = YES;
				CLANG_WARN_BLOCK_CAPTURE_AUTORELEASING = YES;
				CLANG_WARN_BOOL_CONVERSION = YES;
				CLANG_WARN_COMMA = YES;
				CLANG_WARN_CONSTANT_CONVERSION = YES;
				CLANG_WARN_DEPRECATED_OBJC_IMPLEMENTATIONS = YES;
				CLANG_WARN_DIRECT_OBJC_ISA_USAGE = YES_ERROR;
				CLANG_WARN_DOCUMENTATION_COMMENTS = YES;
				CLANG_WARN_EMPTY_BODY = YES;
				CLANG_WARN_ENUM_CONVERSION = YES;
				CLANG_WARN_INFINITE_RECURSION = YES;
				CLANG_WARN_INT_CONVERSION = YES;
				CLANG_WARN_NON_LITERAL_NULL_CONVERSION = YES;
				CLANG_WARN_OBJC_IMPLICIT_RETAIN_SELF = YES;
				CLANG_WARN_OBJC_LITERAL_CONVERSION = YES;
				CLANG_WARN_OBJC_ROOT_CLASS = YES_ERROR;
				CLANG_WARN_QUOTED_INCLUDE_IN_FRAMEWORK_HEADER = YES;
				CLANG_WARN_RANGE_LOOP_ANALYSIS = YES;
				CLANG_WARN_STRICT_PROTOTYPES = YES;
				CLANG_WARN_SUSPICIOUS_MOVE = YES;
				CLANG_WARN_UNGUARDED_AVAILABILITY = YES_AGGRESSIVE;
				CLANG_WARN_UNREACHABLE_CODE = YES;
				CLANG_WARN__DUPLICATE_METHOD_MATCH = YES;
				COPY_PHASE_STRIP = NO;
				DEBUG_INFORMATION_FORMAT = dwarf;
				ENABLE_STRICT_OBJC_MSGSEND = YES;
				ENABLE_TESTABILITY = YES;
				GCC_C_LANGUAGE_STANDARD = gnu11;
				GCC_DYNAMIC_NO_PIC = NO;
				GCC_NO_COMMON_BLOCKS = YES;
				GCC_OPTIMIZATION_LEVEL = 0;
				GCC_PREPROCESSOR_DEFINITIONS = (
					"DEBUG=1",
					"$(inherited)",
				);
				GCC_WARN_64_TO_32_BIT_CONVERSION = YES;
				GCC_WARN_ABOUT_RETURN_TYPE = YES_ERROR;
				GCC_WARN_UNDECLARED_SELECTOR = YES;
				GCC_WARN_UNINITIALIZED_AUTOS = YES_AGGRESSIVE;
				GCC_WARN_UNUSED_FUNCTION = YES;
				GCC_WARN_UNUSED_VARIABLE = YES;
				IPHONEOS_DEPLOYMENT_TARGET = 16.0;
				MTL_ENABLE_DEBUG_INFO = INCLUDE_SOURCE;
				MTL_FAST_MATH = YES;
				ONLY_ACTIVE_ARCH = YES;
				SDKROOT = iphoneos;
				SWIFT_ACTIVE_COMPILATION_CONDITIONS = DEBUG;
				SWIFT_OPTIMIZATION_LEVEL = "-Onone";
			};
			name = Debug;
		};
		7BE7908F2A6828E300410415 /* Release */ = {
			isa = XCBuildConfiguration;
			buildSettings = {
				ALWAYS_SEARCH_USER_PATHS = NO;
				CLANG_ANALYZER_NONNULL = YES;
				CLANG_ANALYZER_NUMBER_OBJECT_CONVERSION = YES_AGGRESSIVE;
				CLANG_CXX_LANGUAGE_STANDARD = "gnu++20";
				CLANG_ENABLE_MODULES = YES;
				CLANG_ENABLE_OBJC_ARC = YES;
				CLANG_ENABLE_OBJC_WEAK = YES;
				CLANG_WARN_BLOCK_CAPTURE_AUTORELEASING = YES;
				CLANG_WARN_BOOL_CONVERSION = YES;
				CLANG_WARN_COMMA = YES;
				CLANG_WARN_CONSTANT_CONVERSION = YES;
				CLANG_WARN_DEPRECATED_OBJC_IMPLEMENTATIONS = YES;
				CLANG_WARN_DIRECT_OBJC_ISA_USAGE = YES_ERROR;
				CLANG_WARN_DOCUMENTATION_COMMENTS = YES;
				CLANG_WARN_EMPTY_BODY = YES;
				CLANG_WARN_ENUM_CONVERSION = YES;
				CLANG_WARN_INFINITE_RECURSION = YES;
				CLANG_WARN_INT_CONVERSION = YES;
				CLANG_WARN_NON_LITERAL_NULL_CONVERSION = YES;
				CLANG_WARN_OBJC_IMPLICIT_RETAIN_SELF = YES;
				CLANG_WARN_OBJC_LITERAL_CONVERSION = YES;
				CLANG_WARN_OBJC_ROOT_CLASS = YES_ERROR;
				CLANG_WARN_QUOTED_INCLUDE_IN_FRAMEWORK_HEADER = YES;
				CLANG_WARN_RANGE_LOOP_ANALYSIS = YES;
				CLANG_WARN_STRICT_PROTOTYPES = YES;
				CLANG_WARN_SUSPICIOUS_MOVE = YES;
				CLANG_WARN_UNGUARDED_AVAILABILITY = YES_AGGRESSIVE;
				CLANG_WARN_UNREACHABLE_CODE = YES;
				CLANG_WARN__DUPLICATE_METHOD_MATCH = YES;
				COPY_PHASE_STRIP = NO;
				DEBUG_INFORMATION_FORMAT = "dwarf-with-dsym";
				ENABLE_NS_ASSERTIONS = NO;
				ENABLE_STRICT_OBJC_MSGSEND = YES;
				GCC_C_LANGUAGE_STANDARD = gnu11;
				GCC_NO_COMMON_BLOCKS = YES;
				GCC_WARN_64_TO_32_BIT_CONVERSION = YES;
				GCC_WARN_ABOUT_RETURN_TYPE = YES_ERROR;
				GCC_WARN_UNDECLARED_SELECTOR = YES;
				GCC_WARN_UNINITIALIZED_AUTOS = YES_AGGRESSIVE;
				GCC_WARN_UNUSED_FUNCTION = YES;
				GCC_WARN_UNUSED_VARIABLE = YES;
				IPHONEOS_DEPLOYMENT_TARGET = 16.0;
				MTL_ENABLE_DEBUG_INFO = NO;
				MTL_FAST_MATH = YES;
				SDKROOT = iphoneos;
				SWIFT_COMPILATION_MODE = wholemodule;
				SWIFT_OPTIMIZATION_LEVEL = "-O";
				VALIDATE_PRODUCT = YES;
			};
			name = Release;
		};
		7BE790912A6828E300410415 /* Debug */ = {
			isa = XCBuildConfiguration;
			buildSettings = {
				ASSETCATALOG_COMPILER_APPICON_NAME = AppIcon;
				ASSETCATALOG_COMPILER_GLOBAL_ACCENT_COLOR_NAME = AccentColor;
				CODE_SIGN_STYLE = Automatic;
				CURRENT_PROJECT_VERSION = 1;
				DEVELOPMENT_TEAM = KTK732WRHB;
				GENERATE_INFOPLIST_FILE = YES;
				INFOPLIST_FILE = WorkingWithEndpoints/Info.plist;
				INFOPLIST_KEY_UIApplicationSupportsIndirectInputEvents = YES;
				INFOPLIST_KEY_UILaunchStoryboardName = LaunchScreen;
				INFOPLIST_KEY_UIMainStoryboardFile = Main;
				INFOPLIST_KEY_UISupportedInterfaceOrientations_iPad = "UIInterfaceOrientationPortrait UIInterfaceOrientationPortraitUpsideDown UIInterfaceOrientationLandscapeLeft UIInterfaceOrientationLandscapeRight";
				INFOPLIST_KEY_UISupportedInterfaceOrientations_iPhone = "UIInterfaceOrientationPortrait UIInterfaceOrientationLandscapeLeft UIInterfaceOrientationLandscapeRight";
				LD_RUNPATH_SEARCH_PATHS = (
					"$(inherited)",
					"@executable_path/Frameworks",
				);
				MARKETING_VERSION = 1.0;
				PRODUCT_BUNDLE_IDENTIFIER = com.allymationes.WorkingWithEndpoints;
				PRODUCT_NAME = "$(TARGET_NAME)";
				SWIFT_EMIT_LOC_STRINGS = YES;
				SWIFT_VERSION = 5.0;
				TARGETED_DEVICE_FAMILY = "1,2";
			};
			name = Debug;
		};
		7BE790922A6828E300410415 /* Release */ = {
			isa = XCBuildConfiguration;
			buildSettings = {
				ASSETCATALOG_COMPILER_APPICON_NAME = AppIcon;
				ASSETCATALOG_COMPILER_GLOBAL_ACCENT_COLOR_NAME = AccentColor;
				CODE_SIGN_STYLE = Automatic;
				CURRENT_PROJECT_VERSION = 1;
				DEVELOPMENT_TEAM = KTK732WRHB;
				GENERATE_INFOPLIST_FILE = YES;
				INFOPLIST_FILE = WorkingWithEndpoints/Info.plist;
				INFOPLIST_KEY_UIApplicationSupportsIndirectInputEvents = YES;
				INFOPLIST_KEY_UILaunchStoryboardName = LaunchScreen;
				INFOPLIST_KEY_UIMainStoryboardFile = Main;
				INFOPLIST_KEY_UISupportedInterfaceOrientations_iPad = "UIInterfaceOrientationPortrait UIInterfaceOrientationPortraitUpsideDown UIInterfaceOrientationLandscapeLeft UIInterfaceOrientationLandscapeRight";
				INFOPLIST_KEY_UISupportedInterfaceOrientations_iPhone = "UIInterfaceOrientationPortrait UIInterfaceOrientationLandscapeLeft UIInterfaceOrientationLandscapeRight";
				LD_RUNPATH_SEARCH_PATHS = (
					"$(inherited)",
					"@executable_path/Frameworks",
				);
				MARKETING_VERSION = 1.0;
				PRODUCT_BUNDLE_IDENTIFIER = com.allymationes.WorkingWithEndpoints;
				PRODUCT_NAME = "$(TARGET_NAME)";
				SWIFT_EMIT_LOC_STRINGS = YES;
				SWIFT_VERSION = 5.0;
				TARGETED_DEVICE_FAMILY = "1,2";
			};
			name = Release;
		};
/* End XCBuildConfiguration section */

/* Begin XCConfigurationList section */
		7BE790772A6828E200410415 /* Build configuration list for PBXProject "WorkingWithEndpoints" */ = {
			isa = XCConfigurationList;
			buildConfigurations = (
				7BE7908E2A6828E300410415 /* Debug */,
				7BE7908F2A6828E300410415 /* Release */,
			);
			defaultConfigurationIsVisible = 0;
			defaultConfigurationName = Release;
		};
		7BE790902A6828E300410415 /* Build configuration list for PBXNativeTarget "WorkingWithEndpoints" */ = {
			isa = XCConfigurationList;
			buildConfigurations = (
				7BE790912A6828E300410415 /* Debug */,
				7BE790922A6828E300410415 /* Release */,
			);
			defaultConfigurationIsVisible = 0;
			defaultConfigurationName = Release;
		};
/* End XCConfigurationList section */
	};
	rootObject = 7BE790742A6828E200410415 /* Project object */;
}
